
Microsoft Visual Studio Solution File, Format Version 12.00
# Visual Studio Version 17
VisualStudioVersion = 17.5.33414.496
MinimumVisualStudioVersion = 10.0.40219.1
Project("{9A19103F-16F7-4668-BE54-9A1E7A4F7556}") = "InMemoryApp.Web", "InMemoryApp.Web\InMemoryApp.Web.csproj", "{4EBBA1B5-D306-4E81-A78F-6A6AC38DFFD3}"
EndProject
Project("{FAE04EC0-301F-11D3-BF4B-00C04F79EFBC}") = "IDistributedCacheRedisApp.Web", "IDistributedCacheRedisApp.Web\IDistributedCacheRedisApp.Web.csproj", "{C690FE69-C6DF-423F-B93B-CA0AF4233BAD}"
EndProject
Global
	GlobalSection(SolutionConfigurationPlatforms) = preSolution
		Debug|Any CPU = Debug|Any CPU
		Release|Any CPU = Release|Any CPU
	EndGlobalSection
	GlobalSection(ProjectConfigurationPlatforms) = postSolution
		{4EBBA1B5-D306-4E81-A78F-6A6AC38DFFD3}.Debug|Any CPU.ActiveCfg = Debug|Any CPU
		{4EBBA1B5-D306-4E81-A78F-6A6AC38DFFD3}.Debug|Any CPU.Build.0 = Debug|Any CPU
		{4EBBA1B5-D306-4E81-A78F-6A6AC38DFFD3}.Release|Any CPU.ActiveCfg = Release|Any CPU
		{4EBBA1B5-D306-4E81-A78F-6A6AC38DFFD3}.Release|Any CPU.Build.0 = Release|Any CPU
		{C690FE69-C6DF-423F-B93B-CA0AF4233BAD}.Debug|Any CPU.ActiveCfg = Debug|Any CPU
		{C690FE69-C6DF-423F-B93B-CA0AF4233BAD}.Debug|Any CPU.Build.0 = Debug|Any CPU
		{C690FE69-C6DF-423F-B93B-CA0AF4233BAD}.Release|Any CPU.ActiveCfg = Release|Any CPU
		{C690FE69-C6DF-423F-B93B-CA0AF4233BAD}.Release|Any CPU.Build.0 = Release|Any CPU
	EndGlobalSection
	GlobalSection(SolutionProperties) = preSolution
		HideSolutionNode = FALSE
	EndGlobalSection
	GlobalSection(ExtensibilityGlobals) = postSolution
		SolutionGuid = {51D58612-3919-455E-9403-E28EE973AE52}
	EndGlobalSection
EndGlobal
